// !$*UTF8*$!
{
	archiveVersion = 1;
	classes = {
	};
	objectVersion = 56;
	objects = {

/* Begin PBXBuildFile section */
		012F5C3B2BFF6E4100184463 /* Position.swift in Sources */ = {isa = PBXBuildFile; fileRef = 012F5C3A2BFF6E4100184463 /* Position.swift */; };
		012F5C3D2BFF6E7D00184463 /* Float3.swift in Sources */ = {isa = PBXBuildFile; fileRef = 012F5C3C2BFF6E7D00184463 /* Float3.swift */; };
		012F5C3F2BFF6EEF00184463 /* Mesh.swift in Sources */ = {isa = PBXBuildFile; fileRef = 012F5C3E2BFF6EEF00184463 /* Mesh.swift */; };
		012F5C462BFFB6BE00184463 /* InputDevice.swift in Sources */ = {isa = PBXBuildFile; fileRef = 012F5C452BFFB6BE00184463 /* InputDevice.swift */; };
		012F5C482BFFB6D600184463 /* InputManager.swift in Sources */ = {isa = PBXBuildFile; fileRef = 012F5C472BFFB6D600184463 /* InputManager.swift */; };
		012F5C4D2BFFB9C100184463 /* OutputManager.swift in Sources */ = {isa = PBXBuildFile; fileRef = 012F5C4C2BFFB9C100184463 /* OutputManager.swift */; };
		012F5C4F2BFFB9E200184463 /* OutputRender.swift in Sources */ = {isa = PBXBuildFile; fileRef = 012F5C4E2BFFB9E200184463 /* OutputRender.swift */; };
		012F5C542BFFC0E900184463 /* MetalView.swift in Sources */ = {isa = PBXBuildFile; fileRef = 012F5C532BFFC0E900184463 /* MetalView.swift */; };
		012F5C562BFFC41400184463 /* RenderSystem.swift in Sources */ = {isa = PBXBuildFile; fileRef = 012F5C552BFFC41400184463 /* RenderSystem.swift */; };
		014BD2422C0793B200B1663B /* ComponentManager+Fetch.swift in Sources */ = {isa = PBXBuildFile; fileRef = 014BD2412C0793B200B1663B /* ComponentManager+Fetch.swift */; };
		014BD2442C0798E900B1663B /* Scale.swift in Sources */ = {isa = PBXBuildFile; fileRef = 014BD2432C0798E900B1663B /* Scale.swift */; };
		014BD2462C0798F400B1663B /* Rotation.swift in Sources */ = {isa = PBXBuildFile; fileRef = 014BD2452C0798F400B1663B /* Rotation.swift */; };
		0155A0E72BBB1F48008AEA0B /* AppleGameView.swift in Sources */ = {isa = PBXBuildFile; fileRef = 0155A0E62BBB1F48008AEA0B /* AppleGameView.swift */; };
		0155A0F02BBB382C008AEA0B /* GameScene.swift in Sources */ = {isa = PBXBuildFile; fileRef = 0155A0EF2BBB382C008AEA0B /* GameScene.swift */; };
		0155A0F32BBB3A61008AEA0B /* System.swift in Sources */ = {isa = PBXBuildFile; fileRef = 0155A0F22BBB3A61008AEA0B /* System.swift */; };
		0155A0F52BBB3A70008AEA0B /* Component.swift in Sources */ = {isa = PBXBuildFile; fileRef = 0155A0F42BBB3A70008AEA0B /* Component.swift */; };
		0155A0FB2BBB4113008AEA0B /* Body.swift in Sources */ = {isa = PBXBuildFile; fileRef = 0155A0FA2BBB4113008AEA0B /* Body.swift */; };
		0155A0FD2BBB4297008AEA0B /* Velocity.swift in Sources */ = {isa = PBXBuildFile; fileRef = 0155A0FC2BBB4297008AEA0B /* Velocity.swift */; };
		0155A0FF2BBB4347008AEA0B /* MovementSystem.swift in Sources */ = {isa = PBXBuildFile; fileRef = 0155A0FE2BBB4347008AEA0B /* MovementSystem.swift */; };
		0180F0022BFE69E800B07A50 /* Math+Extensions.swift in Sources */ = {isa = PBXBuildFile; fileRef = 0180F0012BFE69E800B07A50 /* Math+Extensions.swift */; };
		019352E52BBDA0B50082A1BF /* AABB.swift in Sources */ = {isa = PBXBuildFile; fileRef = 019352E42BBDA0B50082A1BF /* AABB.swift */; };
		019352E72BBDA11E0082A1BF /* BVH.swift in Sources */ = {isa = PBXBuildFile; fileRef = 019352E62BBDA11E0082A1BF /* BVH.swift */; };
		019806172C063DE4005BB011 /* GameManager.swift in Sources */ = {isa = PBXBuildFile; fileRef = 019806162C063DE4005BB011 /* GameManager.swift */; };
		019806192C064020005BB011 /* GameSettings.swift in Sources */ = {isa = PBXBuildFile; fileRef = 019806182C064020005BB011 /* GameSettings.swift */; };
		0198061B2C0645C7005BB011 /* SystemManager.swift in Sources */ = {isa = PBXBuildFile; fileRef = 0198061A2C0645C7005BB011 /* SystemManager.swift */; };
		01BBAD552C065CC000843CE7 /* ComponentManager.swift in Sources */ = {isa = PBXBuildFile; fileRef = 01BBAD542C065CC000843CE7 /* ComponentManager.swift */; };
		01BCBBA42BBC1B160036BD81 /* Array+Extension.swift in Sources */ = {isa = PBXBuildFile; fileRef = 01BCBBA32BBC1B160036BD81 /* Array+Extension.swift */; };
		01BCBBA62BBC1DC00036BD81 /* MedievalWarGame.swift in Sources */ = {isa = PBXBuildFile; fileRef = 01BCBBA52BBC1DC00036BD81 /* MedievalWarGame.swift */; };
		01BCBBAA2BBC6DCF0036BD81 /* InputSystem.swift in Sources */ = {isa = PBXBuildFile; fileRef = 01BCBBA92BBC6DCF0036BD81 /* InputSystem.swift */; };
		01BCBBAE2BBC71E40036BD81 /* AppleKeyboard.swift in Sources */ = {isa = PBXBuildFile; fileRef = 01BCBBAD2BBC71E40036BD81 /* AppleKeyboard.swift */; };
		01BEF8462BBDBEB800E81A41 /* PhysicsSystem.swift in Sources */ = {isa = PBXBuildFile; fileRef = 01BEF8452BBDBEB800E81A41 /* PhysicsSystem.swift */; };
		01CE7F2A2BB5D2F2003B73CC /* MainApp.swift in Sources */ = {isa = PBXBuildFile; fileRef = 01CE7F292BB5D2F2003B73CC /* MainApp.swift */; };
		01CE7F2E2BB5D2F3003B73CC /* Assets.xcassets in Resources */ = {isa = PBXBuildFile; fileRef = 01CE7F2D2BB5D2F3003B73CC /* Assets.xcassets */; };
		01CE7F312BB5D2F3003B73CC /* Preview Assets.xcassets in Resources */ = {isa = PBXBuildFile; fileRef = 01CE7F302BB5D2F3003B73CC /* Preview Assets.xcassets */; };
		01CE7F392BB5D345003B73CC /* EntityManager.swift in Sources */ = {isa = PBXBuildFile; fileRef = 01CE7F382BB5D345003B73CC /* EntityManager.swift */; };
		01ED03682BFE1B4700E3EFA4 /* AppleRender.swift in Sources */ = {isa = PBXBuildFile; fileRef = 01ED03572BFE1B4700E3EFA4 /* AppleRender.swift */; };
		01ED03692BFE1B4700E3EFA4 /* FlyweightFactory.swift in Sources */ = {isa = PBXBuildFile; fileRef = 01ED03582BFE1B4700E3EFA4 /* FlyweightFactory.swift */; };
		01ED036A2BFE1B4700E3EFA4 /* simd+Extensions.swift in Sources */ = {isa = PBXBuildFile; fileRef = 01ED03592BFE1B4700E3EFA4 /* simd+Extensions.swift */; };
		01ED036B2BFE1B4700E3EFA4 /* MetalLibraryError.swift in Sources */ = {isa = PBXBuildFile; fileRef = 01ED035A2BFE1B4700E3EFA4 /* MetalLibraryError.swift */; };
		01ED036C2BFE1B4700E3EFA4 /* MetalManager.swift in Sources */ = {isa = PBXBuildFile; fileRef = 01ED035B2BFE1B4700E3EFA4 /* MetalManager.swift */; };
		01ED036D2BFE1B4700E3EFA4 /* RenderNode.swift in Sources */ = {isa = PBXBuildFile; fileRef = 01ED035C2BFE1B4700E3EFA4 /* RenderNode.swift */; };
		01ED036E2BFE1B4700E3EFA4 /* Shaders.metal in Sources */ = {isa = PBXBuildFile; fileRef = 01ED035D2BFE1B4700E3EFA4 /* Shaders.metal */; };
		01ED03702BFE1B4700E3EFA4 /* FragmentShaderLibrary.swift in Sources */ = {isa = PBXBuildFile; fileRef = 01ED03602BFE1B4700E3EFA4 /* FragmentShaderLibrary.swift */; };
		01ED03712BFE1B4700E3EFA4 /* MeshLibrary.swift in Sources */ = {isa = PBXBuildFile; fileRef = 01ED03612BFE1B4700E3EFA4 /* MeshLibrary.swift */; };
		01ED03722BFE1B4700E3EFA4 /* PipelineDescriptorLibrary.swift in Sources */ = {isa = PBXBuildFile; fileRef = 01ED03622BFE1B4700E3EFA4 /* PipelineDescriptorLibrary.swift */; };
		01ED03732BFE1B4700E3EFA4 /* PipelineStateLibrary.swift in Sources */ = {isa = PBXBuildFile; fileRef = 01ED03632BFE1B4700E3EFA4 /* PipelineStateLibrary.swift */; };
		01ED03742BFE1B4700E3EFA4 /* VertexDescriptorLibrary.swift in Sources */ = {isa = PBXBuildFile; fileRef = 01ED03642BFE1B4700E3EFA4 /* VertexDescriptorLibrary.swift */; };
		01ED03752BFE1B4700E3EFA4 /* VertexShaderLibrary.swift in Sources */ = {isa = PBXBuildFile; fileRef = 01ED03652BFE1B4700E3EFA4 /* VertexShaderLibrary.swift */; };
		01ED03782BFE334F00E3EFA4 /* Vertex.swift in Sources */ = {isa = PBXBuildFile; fileRef = 01ED03772BFE334F00E3EFA4 /* Vertex.swift */; };
		01ED037D2BFE35D900E3EFA4 /* VertexShader.swift in Sources */ = {isa = PBXBuildFile; fileRef = 01ED037C2BFE35D900E3EFA4 /* VertexShader.swift */; };
		01ED037F2BFE35EB00E3EFA4 /* VertexDescriptor.swift in Sources */ = {isa = PBXBuildFile; fileRef = 01ED037E2BFE35EB00E3EFA4 /* VertexDescriptor.swift */; };
		01ED03812BFE35FB00E3EFA4 /* PipelineState.swift in Sources */ = {isa = PBXBuildFile; fileRef = 01ED03802BFE35FB00E3EFA4 /* PipelineState.swift */; };
		01ED03832BFE361100E3EFA4 /* PipelineDescriptor.swift in Sources */ = {isa = PBXBuildFile; fileRef = 01ED03822BFE361100E3EFA4 /* PipelineDescriptor.swift */; };
		01ED03852BFE362300E3EFA4 /* MeshType.swift in Sources */ = {isa = PBXBuildFile; fileRef = 01ED03842BFE362300E3EFA4 /* MeshType.swift */; };
		01ED03872BFE363400E3EFA4 /* FragmentShader.swift in Sources */ = {isa = PBXBuildFile; fileRef = 01ED03862BFE363400E3EFA4 /* FragmentShader.swift */; };
/* End PBXBuildFile section */

/* Begin PBXFileReference section */
		012F5C3A2BFF6E4100184463 /* Position.swift */ = {isa = PBXFileReference; lastKnownFileType = sourcecode.swift; path = Position.swift; sourceTree = "<group>"; };
		012F5C3C2BFF6E7D00184463 /* Float3.swift */ = {isa = PBXFileReference; lastKnownFileType = sourcecode.swift; path = Float3.swift; sourceTree = "<group>"; };
		012F5C3E2BFF6EEF00184463 /* Mesh.swift */ = {isa = PBXFileReference; lastKnownFileType = sourcecode.swift; path = Mesh.swift; sourceTree = "<group>"; };
		012F5C452BFFB6BE00184463 /* InputDevice.swift */ = {isa = PBXFileReference; lastKnownFileType = sourcecode.swift; path = InputDevice.swift; sourceTree = "<group>"; };
		012F5C472BFFB6D600184463 /* InputManager.swift */ = {isa = PBXFileReference; lastKnownFileType = sourcecode.swift; path = InputManager.swift; sourceTree = "<group>"; };
		012F5C4C2BFFB9C100184463 /* OutputManager.swift */ = {isa = PBXFileReference; lastKnownFileType = sourcecode.swift; path = OutputManager.swift; sourceTree = "<group>"; };
		012F5C4E2BFFB9E200184463 /* OutputRender.swift */ = {isa = PBXFileReference; lastKnownFileType = sourcecode.swift; path = OutputRender.swift; sourceTree = "<group>"; };
		012F5C532BFFC0E900184463 /* MetalView.swift */ = {isa = PBXFileReference; lastKnownFileType = sourcecode.swift; path = MetalView.swift; sourceTree = "<group>"; };
		012F5C552BFFC41400184463 /* RenderSystem.swift */ = {isa = PBXFileReference; lastKnownFileType = sourcecode.swift; path = RenderSystem.swift; sourceTree = "<group>"; };
		014BD2412C0793B200B1663B /* ComponentManager+Fetch.swift */ = {isa = PBXFileReference; lastKnownFileType = sourcecode.swift; path = "ComponentManager+Fetch.swift"; sourceTree = "<group>"; };
		014BD2432C0798E900B1663B /* Scale.swift */ = {isa = PBXFileReference; lastKnownFileType = sourcecode.swift; path = Scale.swift; sourceTree = "<group>"; };
		014BD2452C0798F400B1663B /* Rotation.swift */ = {isa = PBXFileReference; lastKnownFileType = sourcecode.swift; path = Rotation.swift; sourceTree = "<group>"; };
		0155A0E62BBB1F48008AEA0B /* AppleGameView.swift */ = {isa = PBXFileReference; lastKnownFileType = sourcecode.swift; path = AppleGameView.swift; sourceTree = "<group>"; };
		0155A0EF2BBB382C008AEA0B /* GameScene.swift */ = {isa = PBXFileReference; lastKnownFileType = sourcecode.swift; path = GameScene.swift; sourceTree = "<group>"; };
		0155A0F22BBB3A61008AEA0B /* System.swift */ = {isa = PBXFileReference; lastKnownFileType = sourcecode.swift; path = System.swift; sourceTree = "<group>"; };
		0155A0F42BBB3A70008AEA0B /* Component.swift */ = {isa = PBXFileReference; lastKnownFileType = sourcecode.swift; path = Component.swift; sourceTree = "<group>"; };
		0155A0FA2BBB4113008AEA0B /* Body.swift */ = {isa = PBXFileReference; lastKnownFileType = sourcecode.swift; path = Body.swift; sourceTree = "<group>"; };
		0155A0FC2BBB4297008AEA0B /* Velocity.swift */ = {isa = PBXFileReference; lastKnownFileType = sourcecode.swift; path = Velocity.swift; sourceTree = "<group>"; };
		0155A0FE2BBB4347008AEA0B /* MovementSystem.swift */ = {isa = PBXFileReference; lastKnownFileType = sourcecode.swift; path = MovementSystem.swift; sourceTree = "<group>"; };
		0180F0012BFE69E800B07A50 /* Math+Extensions.swift */ = {isa = PBXFileReference; lastKnownFileType = sourcecode.swift; path = "Math+Extensions.swift"; sourceTree = "<group>"; };
		019352E42BBDA0B50082A1BF /* AABB.swift */ = {isa = PBXFileReference; lastKnownFileType = sourcecode.swift; path = AABB.swift; sourceTree = "<group>"; };
		019352E62BBDA11E0082A1BF /* BVH.swift */ = {isa = PBXFileReference; lastKnownFileType = sourcecode.swift; path = BVH.swift; sourceTree = "<group>"; };
		019806162C063DE4005BB011 /* GameManager.swift */ = {isa = PBXFileReference; lastKnownFileType = sourcecode.swift; path = GameManager.swift; sourceTree = "<group>"; };
		019806182C064020005BB011 /* GameSettings.swift */ = {isa = PBXFileReference; lastKnownFileType = sourcecode.swift; path = GameSettings.swift; sourceTree = "<group>"; };
		0198061A2C0645C7005BB011 /* SystemManager.swift */ = {isa = PBXFileReference; lastKnownFileType = sourcecode.swift; path = SystemManager.swift; sourceTree = "<group>"; };
		01BBAD542C065CC000843CE7 /* ComponentManager.swift */ = {isa = PBXFileReference; lastKnownFileType = sourcecode.swift; path = ComponentManager.swift; sourceTree = "<group>"; };
		01BCBBA32BBC1B160036BD81 /* Array+Extension.swift */ = {isa = PBXFileReference; lastKnownFileType = sourcecode.swift; path = "Array+Extension.swift"; sourceTree = "<group>"; };
		01BCBBA52BBC1DC00036BD81 /* MedievalWarGame.swift */ = {isa = PBXFileReference; lastKnownFileType = sourcecode.swift; path = MedievalWarGame.swift; sourceTree = "<group>"; };
		01BCBBA92BBC6DCF0036BD81 /* InputSystem.swift */ = {isa = PBXFileReference; lastKnownFileType = sourcecode.swift; path = InputSystem.swift; sourceTree = "<group>"; };
		01BCBBAD2BBC71E40036BD81 /* AppleKeyboard.swift */ = {isa = PBXFileReference; lastKnownFileType = sourcecode.swift; path = AppleKeyboard.swift; sourceTree = "<group>"; };
		01BEF8452BBDBEB800E81A41 /* PhysicsSystem.swift */ = {isa = PBXFileReference; lastKnownFileType = sourcecode.swift; path = PhysicsSystem.swift; sourceTree = "<group>"; };
		01CE7F262BB5D2F2003B73CC /* MedievalWar.app */ = {isa = PBXFileReference; explicitFileType = wrapper.application; includeInIndex = 0; path = MedievalWar.app; sourceTree = BUILT_PRODUCTS_DIR; };
		01CE7F292BB5D2F2003B73CC /* MainApp.swift */ = {isa = PBXFileReference; lastKnownFileType = sourcecode.swift; path = MainApp.swift; sourceTree = "<group>"; };
		01CE7F2D2BB5D2F3003B73CC /* Assets.xcassets */ = {isa = PBXFileReference; lastKnownFileType = folder.assetcatalog; path = Assets.xcassets; sourceTree = "<group>"; };
		01CE7F302BB5D2F3003B73CC /* Preview Assets.xcassets */ = {isa = PBXFileReference; lastKnownFileType = folder.assetcatalog; path = "Preview Assets.xcassets"; sourceTree = "<group>"; };
		01CE7F322BB5D2F3003B73CC /* MedievalWar.entitlements */ = {isa = PBXFileReference; lastKnownFileType = text.plist.entitlements; path = MedievalWar.entitlements; sourceTree = "<group>"; };
		01CE7F382BB5D345003B73CC /* EntityManager.swift */ = {isa = PBXFileReference; lastKnownFileType = sourcecode.swift; path = EntityManager.swift; sourceTree = "<group>"; };
		01ED03572BFE1B4700E3EFA4 /* AppleRender.swift */ = {isa = PBXFileReference; fileEncoding = 4; lastKnownFileType = sourcecode.swift; path = AppleRender.swift; sourceTree = "<group>"; };
		01ED03582BFE1B4700E3EFA4 /* FlyweightFactory.swift */ = {isa = PBXFileReference; fileEncoding = 4; lastKnownFileType = sourcecode.swift; path = FlyweightFactory.swift; sourceTree = "<group>"; };
		01ED03592BFE1B4700E3EFA4 /* simd+Extensions.swift */ = {isa = PBXFileReference; fileEncoding = 4; lastKnownFileType = sourcecode.swift; path = "simd+Extensions.swift"; sourceTree = "<group>"; };
		01ED035A2BFE1B4700E3EFA4 /* MetalLibraryError.swift */ = {isa = PBXFileReference; fileEncoding = 4; lastKnownFileType = sourcecode.swift; path = MetalLibraryError.swift; sourceTree = "<group>"; };
		01ED035B2BFE1B4700E3EFA4 /* MetalManager.swift */ = {isa = PBXFileReference; fileEncoding = 4; lastKnownFileType = sourcecode.swift; path = MetalManager.swift; sourceTree = "<group>"; };
		01ED035C2BFE1B4700E3EFA4 /* RenderNode.swift */ = {isa = PBXFileReference; fileEncoding = 4; lastKnownFileType = sourcecode.swift; path = RenderNode.swift; sourceTree = "<group>"; };
		01ED035D2BFE1B4700E3EFA4 /* Shaders.metal */ = {isa = PBXFileReference; fileEncoding = 4; lastKnownFileType = sourcecode.metal; path = Shaders.metal; sourceTree = "<group>"; };
		01ED03602BFE1B4700E3EFA4 /* FragmentShaderLibrary.swift */ = {isa = PBXFileReference; fileEncoding = 4; lastKnownFileType = sourcecode.swift; path = FragmentShaderLibrary.swift; sourceTree = "<group>"; };
		01ED03612BFE1B4700E3EFA4 /* MeshLibrary.swift */ = {isa = PBXFileReference; fileEncoding = 4; lastKnownFileType = sourcecode.swift; path = MeshLibrary.swift; sourceTree = "<group>"; };
		01ED03622BFE1B4700E3EFA4 /* PipelineDescriptorLibrary.swift */ = {isa = PBXFileReference; fileEncoding = 4; lastKnownFileType = sourcecode.swift; path = PipelineDescriptorLibrary.swift; sourceTree = "<group>"; };
		01ED03632BFE1B4700E3EFA4 /* PipelineStateLibrary.swift */ = {isa = PBXFileReference; fileEncoding = 4; lastKnownFileType = sourcecode.swift; path = PipelineStateLibrary.swift; sourceTree = "<group>"; };
		01ED03642BFE1B4700E3EFA4 /* VertexDescriptorLibrary.swift */ = {isa = PBXFileReference; fileEncoding = 4; lastKnownFileType = sourcecode.swift; path = VertexDescriptorLibrary.swift; sourceTree = "<group>"; };
		01ED03652BFE1B4700E3EFA4 /* VertexShaderLibrary.swift */ = {isa = PBXFileReference; fileEncoding = 4; lastKnownFileType = sourcecode.swift; path = VertexShaderLibrary.swift; sourceTree = "<group>"; };
		01ED03772BFE334F00E3EFA4 /* Vertex.swift */ = {isa = PBXFileReference; lastKnownFileType = sourcecode.swift; path = Vertex.swift; sourceTree = "<group>"; };
		01ED037C2BFE35D900E3EFA4 /* VertexShader.swift */ = {isa = PBXFileReference; lastKnownFileType = sourcecode.swift; path = VertexShader.swift; sourceTree = "<group>"; };
		01ED037E2BFE35EB00E3EFA4 /* VertexDescriptor.swift */ = {isa = PBXFileReference; lastKnownFileType = sourcecode.swift; path = VertexDescriptor.swift; sourceTree = "<group>"; };
		01ED03802BFE35FB00E3EFA4 /* PipelineState.swift */ = {isa = PBXFileReference; lastKnownFileType = sourcecode.swift; path = PipelineState.swift; sourceTree = "<group>"; };
		01ED03822BFE361100E3EFA4 /* PipelineDescriptor.swift */ = {isa = PBXFileReference; lastKnownFileType = sourcecode.swift; path = PipelineDescriptor.swift; sourceTree = "<group>"; };
		01ED03842BFE362300E3EFA4 /* MeshType.swift */ = {isa = PBXFileReference; lastKnownFileType = sourcecode.swift; path = MeshType.swift; sourceTree = "<group>"; };
		01ED03862BFE363400E3EFA4 /* FragmentShader.swift */ = {isa = PBXFileReference; lastKnownFileType = sourcecode.swift; path = FragmentShader.swift; sourceTree = "<group>"; };
/* End PBXFileReference section */

/* Begin PBXFrameworksBuildPhase section */
		01CE7F232BB5D2F2003B73CC /* Frameworks */ = {
			isa = PBXFrameworksBuildPhase;
			buildActionMask = 2147483647;
			files = (
			);
			runOnlyForDeploymentPostprocessing = 0;
		};
/* End PBXFrameworksBuildPhase section */

/* Begin PBXGroup section */
		012F5C442BFFB36000184463 /* Utils */ = {
			isa = PBXGroup;
			children = (
				01ED03772BFE334F00E3EFA4 /* Vertex.swift */,
				01ED035A2BFE1B4700E3EFA4 /* MetalLibraryError.swift */,
				01ED03592BFE1B4700E3EFA4 /* simd+Extensions.swift */,
			);
			path = Utils;
			sourceTree = "<group>";
		};
		012F5C492BFFB7B100184463 /* Engine+Apple */ = {
			isa = PBXGroup;
			children = (
				0155A0E62BBB1F48008AEA0B /* AppleGameView.swift */,
				01BCBBAD2BBC71E40036BD81 /* AppleKeyboard.swift */,
				01ED03572BFE1B4700E3EFA4 /* AppleRender.swift */,
				01ED03552BFE1B3B00E3EFA4 /* Metal */,
			);
			path = "Engine+Apple";
			sourceTree = "<group>";
		};
		012F5C502BFFBAA800184463 /* Render */ = {
			isa = PBXGroup;
			children = (
				01ED03842BFE362300E3EFA4 /* MeshType.swift */,
				01ED03802BFE35FB00E3EFA4 /* PipelineState.swift */,
				01ED03862BFE363400E3EFA4 /* FragmentShader.swift */,
				01ED03822BFE361100E3EFA4 /* PipelineDescriptor.swift */,
				01ED037C2BFE35D900E3EFA4 /* VertexShader.swift */,
				01ED037E2BFE35EB00E3EFA4 /* VertexDescriptor.swift */,
			);
			path = Render;
			sourceTree = "<group>";
		};
		012F5C512BFFBFFC00184463 /* Builds */ = {
			isa = PBXGroup;
			children = (
				0155A0E52BBB1F3C008AEA0B /* macOS */,
			);
			path = Builds;
			sourceTree = "<group>";
		};
		012F5C522BFFC00000184463 /* Source */ = {
			isa = PBXGroup;
			children = (
				01BCBBA52BBC1DC00036BD81 /* MedievalWarGame.swift */,
			);
			path = Source;
			sourceTree = "<group>";
		};
		0155A0E52BBB1F3C008AEA0B /* macOS */ = {
			isa = PBXGroup;
			children = (
				01CE7F292BB5D2F2003B73CC /* MainApp.swift */,
				01CE7F2D2BB5D2F3003B73CC /* Assets.xcassets */,
				01CE7F322BB5D2F3003B73CC /* MedievalWar.entitlements */,
				01CE7F2F2BB5D2F3003B73CC /* Preview Content */,
			);
			path = macOS;
			sourceTree = "<group>";
		};
		0155A0EA2BBB2696008AEA0B /* Engine */ = {
			isa = PBXGroup;
			children = (
				01BCBBAC2BBC71C00036BD81 /* Input */,
				01BCBBAB2BBC71BB0036BD81 /* Output */,
				01BBAD562C065E0500843CE7 /* Managers */,
				0155A0F12BBB3A58008AEA0B /* Models */,
				0155A0EC2BBB26BC008AEA0B /* Systems */,
				0155A0EB2BBB26B6008AEA0B /* Components */,
				01BCBBA22BBC1B0D0036BD81 /* Utils */,
			);
			path = Engine;
			sourceTree = "<group>";
		};
		0155A0EB2BBB26B6008AEA0B /* Components */ = {
			isa = PBXGroup;
			children = (
				0155A0FA2BBB4113008AEA0B /* Body.swift */,
				0155A0FC2BBB4297008AEA0B /* Velocity.swift */,
				012F5C3A2BFF6E4100184463 /* Position.swift */,
				014BD2452C0798F400B1663B /* Rotation.swift */,
				014BD2432C0798E900B1663B /* Scale.swift */,
				012F5C3E2BFF6EEF00184463 /* Mesh.swift */,
			);
			path = Components;
			sourceTree = "<group>";
		};
		0155A0EC2BBB26BC008AEA0B /* Systems */ = {
			isa = PBXGroup;
			children = (
				01BCBBA92BBC6DCF0036BD81 /* InputSystem.swift */,
				0155A0FE2BBB4347008AEA0B /* MovementSystem.swift */,
				01BEF8452BBDBEB800E81A41 /* PhysicsSystem.swift */,
				012F5C552BFFC41400184463 /* RenderSystem.swift */,
			);
			path = Systems;
			sourceTree = "<group>";
		};
		0155A0F12BBB3A58008AEA0B /* Models */ = {
			isa = PBXGroup;
			children = (
				0155A0EF2BBB382C008AEA0B /* GameScene.swift */,
				0155A0F22BBB3A61008AEA0B /* System.swift */,
				0155A0F42BBB3A70008AEA0B /* Component.swift */,
				019806182C064020005BB011 /* GameSettings.swift */,
			);
			path = Models;
			sourceTree = "<group>";
		};
		0155A1052BBB4A2D008AEA0B /* Game */ = {
			isa = PBXGroup;
			children = (
				012F5C522BFFC00000184463 /* Source */,
				012F5C512BFFBFFC00184463 /* Builds */,
			);
			path = Game;
			sourceTree = "<group>";
		};
		01BBAD562C065E0500843CE7 /* Managers */ = {
			isa = PBXGroup;
			children = (
				01BBAD542C065CC000843CE7 /* ComponentManager.swift */,
				014BD2412C0793B200B1663B /* ComponentManager+Fetch.swift */,
				01CE7F382BB5D345003B73CC /* EntityManager.swift */,
				0198061A2C0645C7005BB011 /* SystemManager.swift */,
				019806162C063DE4005BB011 /* GameManager.swift */,
			);
			path = Managers;
			sourceTree = "<group>";
		};
		01BCBBA22BBC1B0D0036BD81 /* Utils */ = {
			isa = PBXGroup;
			children = (
				012F5C502BFFBAA800184463 /* Render */,
				01ED03582BFE1B4700E3EFA4 /* FlyweightFactory.swift */,
				01BCBBA32BBC1B160036BD81 /* Array+Extension.swift */,
				019352E42BBDA0B50082A1BF /* AABB.swift */,
				0180F0012BFE69E800B07A50 /* Math+Extensions.swift */,
				019352E62BBDA11E0082A1BF /* BVH.swift */,
				012F5C3C2BFF6E7D00184463 /* Float3.swift */,
			);
			path = Utils;
			sourceTree = "<group>";
		};
		01BCBBAB2BBC71BB0036BD81 /* Output */ = {
			isa = PBXGroup;
			children = (
				012F5C4C2BFFB9C100184463 /* OutputManager.swift */,
				012F5C4E2BFFB9E200184463 /* OutputRender.swift */,
				01ED035C2BFE1B4700E3EFA4 /* RenderNode.swift */,
			);
			path = Output;
			sourceTree = "<group>";
		};
		01BCBBAC2BBC71C00036BD81 /* Input */ = {
			isa = PBXGroup;
			children = (
				012F5C472BFFB6D600184463 /* InputManager.swift */,
				012F5C452BFFB6BE00184463 /* InputDevice.swift */,
			);
			path = Input;
			sourceTree = "<group>";
		};
		01CE7F1D2BB5D2F2003B73CC = {
			isa = PBXGroup;
			children = (
				01CE7F282BB5D2F2003B73CC /* MedievalWar */,
				01CE7F272BB5D2F2003B73CC /* Products */,
			);
			sourceTree = "<group>";
		};
		01CE7F272BB5D2F2003B73CC /* Products */ = {
			isa = PBXGroup;
			children = (
				01CE7F262BB5D2F2003B73CC /* MedievalWar.app */,
			);
			name = Products;
			sourceTree = "<group>";
		};
		01CE7F282BB5D2F2003B73CC /* MedievalWar */ = {
			isa = PBXGroup;
			children = (
				0155A1052BBB4A2D008AEA0B /* Game */,
				0155A0EA2BBB2696008AEA0B /* Engine */,
				012F5C492BFFB7B100184463 /* Engine+Apple */,
			);
			path = MedievalWar;
			sourceTree = "<group>";
		};
		01CE7F2F2BB5D2F3003B73CC /* Preview Content */ = {
			isa = PBXGroup;
			children = (
				01CE7F302BB5D2F3003B73CC /* Preview Assets.xcassets */,
			);
			path = "Preview Content";
			sourceTree = "<group>";
		};
		01ED03552BFE1B3B00E3EFA4 /* Metal */ = {
			isa = PBXGroup;
			children = (
				012F5C532BFFC0E900184463 /* MetalView.swift */,
				01ED035B2BFE1B4700E3EFA4 /* MetalManager.swift */,
				01ED035D2BFE1B4700E3EFA4 /* Shaders.metal */,
				01ED03662BFE1B4700E3EFA4 /* Libraries */,
				012F5C442BFFB36000184463 /* Utils */,
			);
			path = Metal;
			sourceTree = "<group>";
		};
		01ED03662BFE1B4700E3EFA4 /* Libraries */ = {
			isa = PBXGroup;
			children = (
				01ED03602BFE1B4700E3EFA4 /* FragmentShaderLibrary.swift */,
				01ED03612BFE1B4700E3EFA4 /* MeshLibrary.swift */,
				01ED03622BFE1B4700E3EFA4 /* PipelineDescriptorLibrary.swift */,
				01ED03632BFE1B4700E3EFA4 /* PipelineStateLibrary.swift */,
				01ED03642BFE1B4700E3EFA4 /* VertexDescriptorLibrary.swift */,
				01ED03652BFE1B4700E3EFA4 /* VertexShaderLibrary.swift */,
			);
			path = Libraries;
			sourceTree = "<group>";
		};
/* End PBXGroup section */

/* Begin PBXNativeTarget section */
		01CE7F252BB5D2F2003B73CC /* MedievalWar */ = {
			isa = PBXNativeTarget;
			buildConfigurationList = 01CE7F352BB5D2F3003B73CC /* Build configuration list for PBXNativeTarget "MedievalWar" */;
			buildPhases = (
				01CE7F222BB5D2F2003B73CC /* Sources */,
				01CE7F232BB5D2F2003B73CC /* Frameworks */,
				01CE7F242BB5D2F2003B73CC /* Resources */,
			);
			buildRules = (
			);
			dependencies = (
			);
			name = MedievalWar;
			productName = MedievalWar;
			productReference = 01CE7F262BB5D2F2003B73CC /* MedievalWar.app */;
			productType = "com.apple.product-type.application";
		};
/* End PBXNativeTarget section */

/* Begin PBXProject section */
		01CE7F1E2BB5D2F2003B73CC /* Project object */ = {
			isa = PBXProject;
			attributes = {
				BuildIndependentTargetsInParallel = 1;
				LastSwiftUpdateCheck = 1530;
				LastUpgradeCheck = 1540;
				TargetAttributes = {
					01CE7F252BB5D2F2003B73CC = {
						CreatedOnToolsVersion = 15.3;
					};
				};
			};
			buildConfigurationList = 01CE7F212BB5D2F2003B73CC /* Build configuration list for PBXProject "MedievalWar" */;
			compatibilityVersion = "Xcode 14.0";
			developmentRegion = en;
			hasScannedForEncodings = 0;
			knownRegions = (
				en,
				Base,
			);
			mainGroup = 01CE7F1D2BB5D2F2003B73CC;
			productRefGroup = 01CE7F272BB5D2F2003B73CC /* Products */;
			projectDirPath = "";
			projectRoot = "";
			targets = (
				01CE7F252BB5D2F2003B73CC /* MedievalWar */,
			);
		};
/* End PBXProject section */

/* Begin PBXResourcesBuildPhase section */
		01CE7F242BB5D2F2003B73CC /* Resources */ = {
			isa = PBXResourcesBuildPhase;
			buildActionMask = 2147483647;
			files = (
				01CE7F312BB5D2F3003B73CC /* Preview Assets.xcassets in Resources */,
				01CE7F2E2BB5D2F3003B73CC /* Assets.xcassets in Resources */,
			);
			runOnlyForDeploymentPostprocessing = 0;
		};
/* End PBXResourcesBuildPhase section */

/* Begin PBXSourcesBuildPhase section */
		01CE7F222BB5D2F2003B73CC /* Sources */ = {
			isa = PBXSourcesBuildPhase;
			buildActionMask = 2147483647;
			files = (
				012F5C462BFFB6BE00184463 /* InputDevice.swift in Sources */,
				019806172C063DE4005BB011 /* GameManager.swift in Sources */,
				01ED036E2BFE1B4700E3EFA4 /* Shaders.metal in Sources */,
				019352E72BBDA11E0082A1BF /* BVH.swift in Sources */,
				0198061B2C0645C7005BB011 /* SystemManager.swift in Sources */,
				014BD2462C0798F400B1663B /* Rotation.swift in Sources */,
				01BCBBAA2BBC6DCF0036BD81 /* InputSystem.swift in Sources */,
				01ED03832BFE361100E3EFA4 /* PipelineDescriptor.swift in Sources */,
				01ED03812BFE35FB00E3EFA4 /* PipelineState.swift in Sources */,
				01ED03742BFE1B4700E3EFA4 /* VertexDescriptorLibrary.swift in Sources */,
				01ED03702BFE1B4700E3EFA4 /* FragmentShaderLibrary.swift in Sources */,
				01CE7F392BB5D345003B73CC /* EntityManager.swift in Sources */,
				0155A0F52BBB3A70008AEA0B /* Component.swift in Sources */,
				01ED036A2BFE1B4700E3EFA4 /* simd+Extensions.swift in Sources */,
				01ED036C2BFE1B4700E3EFA4 /* MetalManager.swift in Sources */,
				01ED037D2BFE35D900E3EFA4 /* VertexShader.swift in Sources */,
				0155A0F02BBB382C008AEA0B /* GameScene.swift in Sources */,
				0155A0FF2BBB4347008AEA0B /* MovementSystem.swift in Sources */,
				014BD2442C0798E900B1663B /* Scale.swift in Sources */,
				014BD2422C0793B200B1663B /* ComponentManager+Fetch.swift in Sources */,
				019352E52BBDA0B50082A1BF /* AABB.swift in Sources */,
				012F5C562BFFC41400184463 /* RenderSystem.swift in Sources */,
				01ED03712BFE1B4700E3EFA4 /* MeshLibrary.swift in Sources */,
				019806192C064020005BB011 /* GameSettings.swift in Sources */,
				01ED036D2BFE1B4700E3EFA4 /* RenderNode.swift in Sources */,
				0155A0FD2BBB4297008AEA0B /* Velocity.swift in Sources */,
				012F5C3D2BFF6E7D00184463 /* Float3.swift in Sources */,
				01BCBBAE2BBC71E40036BD81 /* AppleKeyboard.swift in Sources */,
				01ED03722BFE1B4700E3EFA4 /* PipelineDescriptorLibrary.swift in Sources */,
				012F5C482BFFB6D600184463 /* InputManager.swift in Sources */,
				0155A0E72BBB1F48008AEA0B /* AppleGameView.swift in Sources */,
				01BBAD552C065CC000843CE7 /* ComponentManager.swift in Sources */,
				01ED03872BFE363400E3EFA4 /* FragmentShader.swift in Sources */,
				0155A0FB2BBB4113008AEA0B /* Body.swift in Sources */,
				012F5C542BFFC0E900184463 /* MetalView.swift in Sources */,
				012F5C3F2BFF6EEF00184463 /* Mesh.swift in Sources */,
				0155A0F32BBB3A61008AEA0B /* System.swift in Sources */,
				01ED03682BFE1B4700E3EFA4 /* AppleRender.swift in Sources */,
				012F5C4F2BFFB9E200184463 /* OutputRender.swift in Sources */,
				01BCBBA42BBC1B160036BD81 /* Array+Extension.swift in Sources */,
				012F5C3B2BFF6E4100184463 /* Position.swift in Sources */,
				01ED037F2BFE35EB00E3EFA4 /* VertexDescriptor.swift in Sources */,
				01ED03692BFE1B4700E3EFA4 /* FlyweightFactory.swift in Sources */,
				0180F0022BFE69E800B07A50 /* Math+Extensions.swift in Sources */,
				01ED03782BFE334F00E3EFA4 /* Vertex.swift in Sources */,
				01ED03752BFE1B4700E3EFA4 /* VertexShaderLibrary.swift in Sources */,
				012F5C4D2BFFB9C100184463 /* OutputManager.swift in Sources */,
				01BEF8462BBDBEB800E81A41 /* PhysicsSystem.swift in Sources */,
				01CE7F2A2BB5D2F2003B73CC /* MainApp.swift in Sources */,
				01ED036B2BFE1B4700E3EFA4 /* MetalLibraryError.swift in Sources */,
				01BCBBA62BBC1DC00036BD81 /* MedievalWarGame.swift in Sources */,
				01ED03852BFE362300E3EFA4 /* MeshType.swift in Sources */,
				01ED03732BFE1B4700E3EFA4 /* PipelineStateLibrary.swift in Sources */,
			);
			runOnlyForDeploymentPostprocessing = 0;
		};
/* End PBXSourcesBuildPhase section */

/* Begin XCBuildConfiguration section */
		01CE7F332BB5D2F3003B73CC /* Debug */ = {
			isa = XCBuildConfiguration;
			buildSettings = {
				ALWAYS_SEARCH_USER_PATHS = NO;
				ASSETCATALOG_COMPILER_GENERATE_SWIFT_ASSET_SYMBOL_EXTENSIONS = YES;
				CLANG_ANALYZER_NONNULL = YES;
				CLANG_ANALYZER_NUMBER_OBJECT_CONVERSION = YES_AGGRESSIVE;
				CLANG_CXX_LANGUAGE_STANDARD = "gnu++20";
				CLANG_ENABLE_MODULES = YES;
				CLANG_ENABLE_OBJC_ARC = YES;
				CLANG_ENABLE_OBJC_WEAK = YES;
				CLANG_WARN_BLOCK_CAPTURE_AUTORELEASING = YES;
				CLANG_WARN_BOOL_CONVERSION = YES;
				CLANG_WARN_COMMA = YES;
				CLANG_WARN_CONSTANT_CONVERSION = YES;
				CLANG_WARN_DEPRECATED_OBJC_IMPLEMENTATIONS = YES;
				CLANG_WARN_DIRECT_OBJC_ISA_USAGE = YES_ERROR;
				CLANG_WARN_DOCUMENTATION_COMMENTS = YES;
				CLANG_WARN_EMPTY_BODY = YES;
				CLANG_WARN_ENUM_CONVERSION = YES;
				CLANG_WARN_INFINITE_RECURSION = YES;
				CLANG_WARN_INT_CONVERSION = YES;
				CLANG_WARN_NON_LITERAL_NULL_CONVERSION = YES;
				CLANG_WARN_OBJC_IMPLICIT_RETAIN_SELF = YES;
				CLANG_WARN_OBJC_LITERAL_CONVERSION = YES;
				CLANG_WARN_OBJC_ROOT_CLASS = YES_ERROR;
				CLANG_WARN_QUOTED_INCLUDE_IN_FRAMEWORK_HEADER = YES;
				CLANG_WARN_RANGE_LOOP_ANALYSIS = YES;
				CLANG_WARN_STRICT_PROTOTYPES = YES;
				CLANG_WARN_SUSPICIOUS_MOVE = YES;
				CLANG_WARN_UNGUARDED_AVAILABILITY = YES_AGGRESSIVE;
				CLANG_WARN_UNREACHABLE_CODE = YES;
				CLANG_WARN__DUPLICATE_METHOD_MATCH = YES;
				COPY_PHASE_STRIP = NO;
				DEAD_CODE_STRIPPING = YES;
				DEBUG_INFORMATION_FORMAT = dwarf;
				ENABLE_STRICT_OBJC_MSGSEND = YES;
				ENABLE_TESTABILITY = YES;
				ENABLE_USER_SCRIPT_SANDBOXING = YES;
				GCC_C_LANGUAGE_STANDARD = gnu17;
				GCC_DYNAMIC_NO_PIC = NO;
				GCC_NO_COMMON_BLOCKS = YES;
				GCC_OPTIMIZATION_LEVEL = 0;
				GCC_PREPROCESSOR_DEFINITIONS = (
					"DEBUG=1",
					"$(inherited)",
				);
				GCC_WARN_64_TO_32_BIT_CONVERSION = YES;
				GCC_WARN_ABOUT_RETURN_TYPE = YES_ERROR;
				GCC_WARN_UNDECLARED_SELECTOR = YES;
				GCC_WARN_UNINITIALIZED_AUTOS = YES_AGGRESSIVE;
				GCC_WARN_UNUSED_FUNCTION = YES;
				GCC_WARN_UNUSED_VARIABLE = YES;
				LOCALIZATION_PREFERS_STRING_CATALOGS = YES;
				MACOSX_DEPLOYMENT_TARGET = 14.0;
				MTL_ENABLE_DEBUG_INFO = INCLUDE_SOURCE;
				MTL_FAST_MATH = YES;
				ONLY_ACTIVE_ARCH = YES;
				SDKROOT = macosx;
				SWIFT_ACTIVE_COMPILATION_CONDITIONS = "DEBUG $(inherited)";
				SWIFT_OPTIMIZATION_LEVEL = "-Onone";
			};
			name = Debug;
		};
		01CE7F342BB5D2F3003B73CC /* Release */ = {
			isa = XCBuildConfiguration;
			buildSettings = {
				ALWAYS_SEARCH_USER_PATHS = NO;
				ASSETCATALOG_COMPILER_GENERATE_SWIFT_ASSET_SYMBOL_EXTENSIONS = YES;
				CLANG_ANALYZER_NONNULL = YES;
				CLANG_ANALYZER_NUMBER_OBJECT_CONVERSION = YES_AGGRESSIVE;
				CLANG_CXX_LANGUAGE_STANDARD = "gnu++20";
				CLANG_ENABLE_MODULES = YES;
				CLANG_ENABLE_OBJC_ARC = YES;
				CLANG_ENABLE_OBJC_WEAK = YES;
				CLANG_WARN_BLOCK_CAPTURE_AUTORELEASING = YES;
				CLANG_WARN_BOOL_CONVERSION = YES;
				CLANG_WARN_COMMA = YES;
				CLANG_WARN_CONSTANT_CONVERSION = YES;
				CLANG_WARN_DEPRECATED_OBJC_IMPLEMENTATIONS = YES;
				CLANG_WARN_DIRECT_OBJC_ISA_USAGE = YES_ERROR;
				CLANG_WARN_DOCUMENTATION_COMMENTS = YES;
				CLANG_WARN_EMPTY_BODY = YES;
				CLANG_WARN_ENUM_CONVERSION = YES;
				CLANG_WARN_INFINITE_RECURSION = YES;
				CLANG_WARN_INT_CONVERSION = YES;
				CLANG_WARN_NON_LITERAL_NULL_CONVERSION = YES;
				CLANG_WARN_OBJC_IMPLICIT_RETAIN_SELF = YES;
				CLANG_WARN_OBJC_LITERAL_CONVERSION = YES;
				CLANG_WARN_OBJC_ROOT_CLASS = YES_ERROR;
				CLANG_WARN_QUOTED_INCLUDE_IN_FRAMEWORK_HEADER = YES;
				CLANG_WARN_RANGE_LOOP_ANALYSIS = YES;
				CLANG_WARN_STRICT_PROTOTYPES = YES;
				CLANG_WARN_SUSPICIOUS_MOVE = YES;
				CLANG_WARN_UNGUARDED_AVAILABILITY = YES_AGGRESSIVE;
				CLANG_WARN_UNREACHABLE_CODE = YES;
				CLANG_WARN__DUPLICATE_METHOD_MATCH = YES;
				COPY_PHASE_STRIP = NO;
				DEAD_CODE_STRIPPING = YES;
				DEBUG_INFORMATION_FORMAT = "dwarf-with-dsym";
				ENABLE_NS_ASSERTIONS = NO;
				ENABLE_STRICT_OBJC_MSGSEND = YES;
				ENABLE_USER_SCRIPT_SANDBOXING = YES;
				GCC_C_LANGUAGE_STANDARD = gnu17;
				GCC_NO_COMMON_BLOCKS = YES;
				GCC_WARN_64_TO_32_BIT_CONVERSION = YES;
				GCC_WARN_ABOUT_RETURN_TYPE = YES_ERROR;
				GCC_WARN_UNDECLARED_SELECTOR = YES;
				GCC_WARN_UNINITIALIZED_AUTOS = YES_AGGRESSIVE;
				GCC_WARN_UNUSED_FUNCTION = YES;
				GCC_WARN_UNUSED_VARIABLE = YES;
				LOCALIZATION_PREFERS_STRING_CATALOGS = YES;
				MACOSX_DEPLOYMENT_TARGET = 14.0;
				MTL_ENABLE_DEBUG_INFO = NO;
				MTL_FAST_MATH = YES;
				SDKROOT = macosx;
				SWIFT_COMPILATION_MODE = wholemodule;
			};
			name = Release;
		};
		01CE7F362BB5D2F3003B73CC /* Debug */ = {
			isa = XCBuildConfiguration;
			buildSettings = {
				ASSETCATALOG_COMPILER_APPICON_NAME = AppIcon;
				ASSETCATALOG_COMPILER_GLOBAL_ACCENT_COLOR_NAME = AccentColor;
				CODE_SIGN_ENTITLEMENTS = MedievalWar/Game/Builds/macOS/MedievalWar.entitlements;
				CODE_SIGN_STYLE = Automatic;
				COMBINE_HIDPI_IMAGES = YES;
				CURRENT_PROJECT_VERSION = 1;
				DEAD_CODE_STRIPPING = YES;
				DEVELOPMENT_ASSET_PATHS = "\"MedievalWar/Game/Builds/macOS/Preview Content\"";
				DEVELOPMENT_TEAM = 4FV3MXV8J6;
				ENABLE_HARDENED_RUNTIME = YES;
				ENABLE_PREVIEWS = YES;
				GENERATE_INFOPLIST_FILE = YES;
				INFOPLIST_KEY_NSHumanReadableCopyright = "";
				LD_RUNPATH_SEARCH_PATHS = (
					"$(inherited)",
					"@executable_path/../Frameworks",
				);
				MARKETING_VERSION = 1.0;
				PRODUCT_BUNDLE_IDENTIFIER = com.geovanacontine.MedievalWar;
				PRODUCT_NAME = "$(TARGET_NAME)";
				SWIFT_EMIT_LOC_STRINGS = YES;
				SWIFT_VERSION = 5.0;
			};
			name = Debug;
		};
		01CE7F372BB5D2F3003B73CC /* Release */ = {
			isa = XCBuildConfiguration;
			buildSettings = {
				ASSETCATALOG_COMPILER_APPICON_NAME = AppIcon;
				ASSETCATALOG_COMPILER_GLOBAL_ACCENT_COLOR_NAME = AccentColor;
				CODE_SIGN_ENTITLEMENTS = MedievalWar/Game/Builds/macOS/MedievalWar.entitlements;
				CODE_SIGN_STYLE = Automatic;
				COMBINE_HIDPI_IMAGES = YES;
				CURRENT_PROJECT_VERSION = 1;
				DEAD_CODE_STRIPPING = YES;
				DEVELOPMENT_ASSET_PATHS = "\"MedievalWar/Game/Builds/macOS/Preview Content\"";
				DEVELOPMENT_TEAM = 4FV3MXV8J6;
				ENABLE_HARDENED_RUNTIME = YES;
				ENABLE_PREVIEWS = YES;
				GENERATE_INFOPLIST_FILE = YES;
				INFOPLIST_KEY_NSHumanReadableCopyright = "";
				LD_RUNPATH_SEARCH_PATHS = (
					"$(inherited)",
					"@executable_path/../Frameworks",
				);
				MARKETING_VERSION = 1.0;
				PRODUCT_BUNDLE_IDENTIFIER = com.geovanacontine.MedievalWar;
				PRODUCT_NAME = "$(TARGET_NAME)";
				SWIFT_EMIT_LOC_STRINGS = YES;
				SWIFT_VERSION = 5.0;
			};
			name = Release;
		};
/* End XCBuildConfiguration section */

/* Begin XCConfigurationList section */
		01CE7F212BB5D2F2003B73CC /* Build configuration list for PBXProject "MedievalWar" */ = {
			isa = XCConfigurationList;
			buildConfigurations = (
				01CE7F332BB5D2F3003B73CC /* Debug */,
				01CE7F342BB5D2F3003B73CC /* Release */,
			);
			defaultConfigurationIsVisible = 0;
			defaultConfigurationName = Release;
		};
		01CE7F352BB5D2F3003B73CC /* Build configuration list for PBXNativeTarget "MedievalWar" */ = {
			isa = XCConfigurationList;
			buildConfigurations = (
				01CE7F362BB5D2F3003B73CC /* Debug */,
				01CE7F372BB5D2F3003B73CC /* Release */,
			);
			defaultConfigurationIsVisible = 0;
			defaultConfigurationName = Release;
		};
/* End XCConfigurationList section */
	};
	rootObject = 01CE7F1E2BB5D2F2003B73CC /* Project object */;
}
